
Microsoft Visual Studio Solution File, Format Version 12.00
# Visual Studio Version 17
VisualStudioVersion = 17.1.32421.90
MinimumVisualStudioVersion = 10.0.40219.1
Project("{FAE04EC0-301F-11D3-BF4B-00C04F79EFBC}") = "SecretsShare", "SecretsShare\SecretsShare.csproj", "{909E5D44-1ED8-43EC-89A4-C4CC30D2AD6E}"
EndProject
Global
	GlobalSection(SolutionConfigurationPlatforms) = preSolution
		Debug|Any CPU = Debug|Any CPU
		Release|Any CPU = Release|Any CPU
	EndGlobalSection
	GlobalSection(ProjectConfigurationPlatforms) = postSolution
		{909E5D44-1ED8-43EC-89A4-C4CC30D2AD6E}.Debug|Any CPU.ActiveCfg = Debug|Any CPU
		{909E5D44-1ED8-43EC-89A4-C4CC30D2AD6E}.Debug|Any CPU.Build.0 = Debug|Any CPU
		{909E5D44-1ED8-43EC-89A4-C4CC30D2AD6E}.Release|Any CPU.ActiveCfg = Release|Any CPU
		{909E5D44-1ED8-43EC-89A4-C4CC30D2AD6E}.Release|Any CPU.Build.0 = Release|Any CPU
	EndGlobalSection
	GlobalSection(SolutionProperties) = preSolution
		HideSolutionNode = FALSE
	EndGlobalSection
	GlobalSection(ExtensibilityGlobals) = postSolution
		SolutionGuid = {1D308967-9C4E-4570-9A49-26313B13C91A}
	EndGlobalSection
EndGlobal
